PODS:
  - Masonry (1.1.0)
  - SJFullscreenPopGesture/Swift (1.5.2)
  - SJScrollEntriesView (1.1.0):
    - Masonry
  - SJTransitionAnimator (1.0.2)
  - SJUIFactory (0.0.16):
    - SJUIFactory/Category (= 0.0.16)
  - SJUIFactory/Category (0.0.16)

DEPENDENCIES:
  - Masonry
  - SJFullscreenPopGesture/Swift (from `../`)
  - SJScrollEntriesView
  - SJTransitionAnimator
  - SJUIFactory

SPEC REPOS:
  https://github.com/cocoapods/specs.git:
    - Masonry
    - SJScrollEntriesView
    - SJTransitionAnimator
    - SJUIFactory

EXTERNAL SOURCES:
  SJFullscreenPopGesture:
    :path: "../"

SPEC CHECKSUMS:
  Masonry: 678fab65091a9290e40e2832a55e7ab731aad201
  SJFullscreenPopGesture: a22be80f7c981eed8443065ddaccebd927252efd
  SJScrollEntriesView: 2388fec9dbb6ab639f8966de036394eeb753617d
  SJTransitionAnimator: 531f43f1bf883e210f7392da79fab4d39753eec1
  SJUIFactory: b3e973c5e2ae08bc5a1bd2c68d94c00f81e01a0b

PODFILE CHECKSUM: 67961dacee303341e8b9fdf45c0026db2aafc22c

COCOAPODS: 1.7.5
