// !$*UTF8*$!
{
	archiveVersion = 1;
	classes = {
	};
	objectVersion = 46;
	objects = {

/* Begin PBXBuildFile section */
		33559CE6EE6B675F7BEEC696 /* Pods_SwiftVersion.framework in Frameworks */ = {isa = PBXBuildFile; fileRef = 4A1BE2919C271D67FEC5EEAF /* Pods_SwiftVersion.framework */; };
		7651332F393F59F5F2FE29B1 /* libPods-SJBackGRProject.a in Frameworks */ = {isa = PBXBuildFile; fileRef = 7EC039F4F8BF7EF7E3CBF732 /* libPods-SJBackGRProject.a */; };
		7706353E2025577700A7710F /* TestPageViewController.m in Sources */ = {isa = PBXBuildFile; fileRef = 7706353D2025577700A7710F /* TestPageViewController.m */; };
		7706354420255EC400A7710F /* TestPageTitle.m in Sources */ = {isa = PBXBuildFile; fileRef = 7706354320255EC400A7710F /* TestPageTitle.m */; };
		770635472025603600A7710F /* UIViewController+TestAdd.m in Sources */ = {isa = PBXBuildFile; fileRef = 770635462025603600A7710F /* UIViewController+TestAdd.m */; };
		7706E1331FF78EA2006E0B56 /* SJTest2ViewController.m in Sources */ = {isa = PBXBuildFile; fileRef = 7706E1321FF78EA2006E0B56 /* SJTest2ViewController.m */; };
		771FFBBF1F7E94C40076EEB0 /* NextViewController.m in Sources */ = {isa = PBXBuildFile; fileRef = 771FFBBB1F7E94B40076EEB0 /* NextViewController.m */; };
		771FFBC01F7E94C70076EEB0 /* NoNavViewController.m in Sources */ = {isa = PBXBuildFile; fileRef = 771FFBBD1F7E94B40076EEB0 /* NoNavViewController.m */; };
		772D239C200B7B3A00E332B9 /* ex1.gif in Resources */ = {isa = PBXBuildFile; fileRef = 772D239B200B7B3A00E332B9 /* ex1.gif */; };
		775A2A00201974E100327470 /* ex2.gif in Resources */ = {isa = PBXBuildFile; fileRef = 775A29FF201974E100327470 /* ex2.gif */; };
		779177821FC539C100E2AFF7 /* README.md in Resources */ = {isa = PBXBuildFile; fileRef = 779177811FC539C100E2AFF7 /* README.md */; };
		779177851FC53F6D00E2AFF7 /* NavigationController.m in Sources */ = {isa = PBXBuildFile; fileRef = 779177841FC53F6D00E2AFF7 /* NavigationController.m */; };
		77BF683A2016F3DD0040AAC3 /* WebViewController.m in Sources */ = {isa = PBXBuildFile; fileRef = 77BF68392016F3DD0040AAC3 /* WebViewController.m */; };
		77D9B7681F7E941A00E35746 /* main.m in Sources */ = {isa = PBXBuildFile; fileRef = 77D9B7671F7E941A00E35746 /* main.m */; };
		77D9B76B1F7E941A00E35746 /* AppDelegate.m in Sources */ = {isa = PBXBuildFile; fileRef = 77D9B76A1F7E941A00E35746 /* AppDelegate.m */; };
		77D9B76E1F7E941A00E35746 /* ViewController.m in Sources */ = {isa = PBXBuildFile; fileRef = 77D9B76D1F7E941A00E35746 /* ViewController.m */; };
		77D9B7711F7E941A00E35746 /* Main.storyboard in Resources */ = {isa = PBXBuildFile; fileRef = 77D9B76F1F7E941A00E35746 /* Main.storyboard */; };
		77D9B7731F7E941A00E35746 /* Assets.xcassets in Resources */ = {isa = PBXBuildFile; fileRef = 77D9B7721F7E941A00E35746 /* Assets.xcassets */; };
		77D9B7761F7E941A00E35746 /* LaunchScreen.storyboard in Resources */ = {isa = PBXBuildFile; fileRef = 77D9B7741F7E941A00E35746 /* LaunchScreen.storyboard */; };
		77D9B7851F7E944100E35746 /* UINavigationController+SJVideoPlayerAdd.m in Sources */ = {isa = PBXBuildFile; fileRef = 77D9B7811F7E944100E35746 /* UINavigationController+SJVideoPlayerAdd.m */; };
		77D9B7861F7E944100E35746 /* UIViewController+SJVideoPlayerAdd.m in Sources */ = {isa = PBXBuildFile; fileRef = 77D9B7831F7E944100E35746 /* UIViewController+SJVideoPlayerAdd.m */; };
		77DA951020416450007A9EE8 /* TestViewController.xib in Resources */ = {isa = PBXBuildFile; fileRef = 77DA950E20416450007A9EE8 /* TestViewController.xib */; };
		77DB5340200384A800A6AD9F /* SJFullscreenPopGesture.podspec in Resources */ = {isa = PBXBuildFile; fileRef = 77DB533F200384A800A6AD9F /* SJFullscreenPopGesture.podspec */; };
		77F987172084828C00BB125F /* SJSnapshotRecorder.m in Sources */ = {isa = PBXBuildFile; fileRef = 77F987162084828C00BB125F /* SJSnapshotRecorder.m */; };
		77F9871920849AC300BB125F /* loading.gif in Resources */ = {isa = PBXBuildFile; fileRef = 77F9871820849AC300BB125F /* loading.gif */; };
		A6243BF020427AE700A0096F /* TestViewControllerNav.swift in Sources */ = {isa = PBXBuildFile; fileRef = A6243BEF20427AE700A0096F /* TestViewControllerNav.swift */; };
		A6243BF220427AEE00A0096F /* TestViewControllerModal.swift in Sources */ = {isa = PBXBuildFile; fileRef = A6243BF120427AEE00A0096F /* TestViewControllerModal.swift */; };
		A6243BF420427CB400A0096F /* NavViewController.swift in Sources */ = {isa = PBXBuildFile; fileRef = A6243BF320427CB400A0096F /* NavViewController.swift */; };
		A6243C032042841E00A0096F /* SJNavigationPopGesture.podspec in Resources */ = {isa = PBXBuildFile; fileRef = A6243C022042841E00A0096F /* SJNavigationPopGesture.podspec */; };
		A6243C05204284B100A0096F /* SJNavigationPopGesture.swift in Sources */ = {isa = PBXBuildFile; fileRef = A6243C04204284B100A0096F /* SJNavigationPopGesture.swift */; };
		A6A0A90020410F2C003DB0A0 /* AppDelegate.swift in Sources */ = {isa = PBXBuildFile; fileRef = A6A0A8FF20410F2C003DB0A0 /* AppDelegate.swift */; };
		A6A0A90220410F2C003DB0A0 /* ViewController.swift in Sources */ = {isa = PBXBuildFile; fileRef = A6A0A90120410F2C003DB0A0 /* ViewController.swift */; };
		A6A0A90520410F2C003DB0A0 /* Main.storyboard in Resources */ = {isa = PBXBuildFile; fileRef = A6A0A90320410F2C003DB0A0 /* Main.storyboard */; };
		A6A0A90720410F2C003DB0A0 /* Assets.xcassets in Resources */ = {isa = PBXBuildFile; fileRef = A6A0A90620410F2C003DB0A0 /* Assets.xcassets */; };
		A6A0A90A20410F2C003DB0A0 /* LaunchScreen.storyboard in Resources */ = {isa = PBXBuildFile; fileRef = A6A0A90820410F2C003DB0A0 /* LaunchScreen.storyboard */; };
		A6A0A91520410F2C003DB0A0 /* SwiftVersionTests.swift in Sources */ = {isa = PBXBuildFile; fileRef = A6A0A91420410F2C003DB0A0 /* SwiftVersionTests.swift */; };
		A6A0A92020410F2C003DB0A0 /* SwiftVersionUITests.swift in Sources */ = {isa = PBXBuildFile; fileRef = A6A0A91F20410F2C003DB0A0 /* SwiftVersionUITests.swift */; };
/* End PBXBuildFile section */

/* Begin PBXContainerItemProxy section */
		A6A0A91120410F2C003DB0A0 /* PBXContainerItemProxy */ = {
			isa = PBXContainerItemProxy;
			containerPortal = 77D9B75B1F7E941A00E35746 /* Project object */;
			proxyType = 1;
			remoteGlobalIDString = A6A0A8FC20410F2B003DB0A0;
			remoteInfo = SwiftVersion;
		};
		A6A0A91C20410F2C003DB0A0 /* PBXContainerItemProxy */ = {
			isa = PBXContainerItemProxy;
			containerPortal = 77D9B75B1F7E941A00E35746 /* Project object */;
			proxyType = 1;
			remoteGlobalIDString = A6A0A8FC20410F2B003DB0A0;
			remoteInfo = SwiftVersion;
		};
/* End PBXContainerItemProxy section */

/* Begin PBXFileReference section */
		39202E5F7055D8AC447FC6B4 /* Pods-SJBackGRProject.debug.xcconfig */ = {isa = PBXFileReference; includeInIndex = 1; lastKnownFileType = text.xcconfig; name = "Pods-SJBackGRProject.debug.xcconfig"; path = "Pods/Target Support Files/Pods-SJBackGRProject/Pods-SJBackGRProject.debug.xcconfig"; sourceTree = "<group>"; };
		4A1BE2919C271D67FEC5EEAF /* Pods_SwiftVersion.framework */ = {isa = PBXFileReference; explicitFileType = wrapper.framework; includeInIndex = 0; path = Pods_SwiftVersion.framework; sourceTree = BUILT_PRODUCTS_DIR; };
		7706353C2025577700A7710F /* TestPageViewController.h */ = {isa = PBXFileReference; lastKnownFileType = sourcecode.c.h; path = TestPageViewController.h; sourceTree = "<group>"; };
		7706353D2025577700A7710F /* TestPageViewController.m */ = {isa = PBXFileReference; lastKnownFileType = sourcecode.c.objc; path = TestPageViewController.m; sourceTree = "<group>"; };
		7706354220255EC400A7710F /* TestPageTitle.h */ = {isa = PBXFileReference; lastKnownFileType = sourcecode.c.h; path = TestPageTitle.h; sourceTree = "<group>"; };
		7706354320255EC400A7710F /* TestPageTitle.m */ = {isa = PBXFileReference; lastKnownFileType = sourcecode.c.objc; path = TestPageTitle.m; sourceTree = "<group>"; };
		770635452025603600A7710F /* UIViewController+TestAdd.h */ = {isa = PBXFileReference; lastKnownFileType = sourcecode.c.h; path = "UIViewController+TestAdd.h"; sourceTree = "<group>"; };
		770635462025603600A7710F /* UIViewController+TestAdd.m */ = {isa = PBXFileReference; lastKnownFileType = sourcecode.c.objc; path = "UIViewController+TestAdd.m"; sourceTree = "<group>"; };
		7706E1311FF78EA2006E0B56 /* SJTest2ViewController.h */ = {isa = PBXFileReference; lastKnownFileType = sourcecode.c.h; path = SJTest2ViewController.h; sourceTree = "<group>"; };
		7706E1321FF78EA2006E0B56 /* SJTest2ViewController.m */ = {isa = PBXFileReference; lastKnownFileType = sourcecode.c.objc; path = SJTest2ViewController.m; sourceTree = "<group>"; };
		771FFBBA1F7E94B40076EEB0 /* NextViewController.h */ = {isa = PBXFileReference; lastKnownFileType = sourcecode.c.h; path = NextViewController.h; sourceTree = "<group>"; };
		771FFBBB1F7E94B40076EEB0 /* NextViewController.m */ = {isa = PBXFileReference; lastKnownFileType = sourcecode.c.objc; path = NextViewController.m; sourceTree = "<group>"; };
		771FFBBC1F7E94B40076EEB0 /* NoNavViewController.h */ = {isa = PBXFileReference; lastKnownFileType = sourcecode.c.h; path = NoNavViewController.h; sourceTree = "<group>"; };
		771FFBBD1F7E94B40076EEB0 /* NoNavViewController.m */ = {isa = PBXFileReference; lastKnownFileType = sourcecode.c.objc; path = NoNavViewController.m; sourceTree = "<group>"; };
		772D239B200B7B3A00E332B9 /* ex1.gif */ = {isa = PBXFileReference; lastKnownFileType = image.gif; path = ex1.gif; sourceTree = "<group>"; };
		775A29FF201974E100327470 /* ex2.gif */ = {isa = PBXFileReference; lastKnownFileType = image.gif; path = ex2.gif; sourceTree = "<group>"; };
		779177811FC539C100E2AFF7 /* README.md */ = {isa = PBXFileReference; fileEncoding = 4; lastKnownFileType = net.daringfireball.markdown; name = README.md; path = ../README.md; sourceTree = "<group>"; };
		779177831FC53F6D00E2AFF7 /* NavigationController.h */ = {isa = PBXFileReference; lastKnownFileType = sourcecode.c.h; path = NavigationController.h; sourceTree = "<group>"; };
		779177841FC53F6D00E2AFF7 /* NavigationController.m */ = {isa = PBXFileReference; lastKnownFileType = sourcecode.c.objc; path = NavigationController.m; sourceTree = "<group>"; };
		77A7162A2012EF1A00278C95 /* SJScreenshotTransitionMode.h */ = {isa = PBXFileReference; lastKnownFileType = sourcecode.c.h; path = SJScreenshotTransitionMode.h; sourceTree = "<group>"; };
		77BF68382016F3DD0040AAC3 /* WebViewController.h */ = {isa = PBXFileReference; lastKnownFileType = sourcecode.c.h; path = WebViewController.h; sourceTree = "<group>"; };
		77BF68392016F3DD0040AAC3 /* WebViewController.m */ = {isa = PBXFileReference; lastKnownFileType = sourcecode.c.objc; path = WebViewController.m; sourceTree = "<group>"; };
		77D9B7631F7E941A00E35746 /* SJBackGRProject.app */ = {isa = PBXFileReference; explicitFileType = wrapper.application; includeInIndex = 0; path = SJBackGRProject.app; sourceTree = BUILT_PRODUCTS_DIR; };
		77D9B7671F7E941A00E35746 /* main.m */ = {isa = PBXFileReference; lastKnownFileType = sourcecode.c.objc; path = main.m; sourceTree = "<group>"; };
		77D9B7691F7E941A00E35746 /* AppDelegate.h */ = {isa = PBXFileReference; lastKnownFileType = sourcecode.c.h; path = AppDelegate.h; sourceTree = "<group>"; };
		77D9B76A1F7E941A00E35746 /* AppDelegate.m */ = {isa = PBXFileReference; lastKnownFileType = sourcecode.c.objc; path = AppDelegate.m; sourceTree = "<group>"; };
		77D9B76C1F7E941A00E35746 /* ViewController.h */ = {isa = PBXFileReference; lastKnownFileType = sourcecode.c.h; path = ViewController.h; sourceTree = "<group>"; };
		77D9B76D1F7E941A00E35746 /* ViewController.m */ = {isa = PBXFileReference; lastKnownFileType = sourcecode.c.objc; path = ViewController.m; sourceTree = "<group>"; };
		77D9B7701F7E941A00E35746 /* Base */ = {isa = PBXFileReference; lastKnownFileType = file.storyboard; name = Base; path = Base.lproj/Main.storyboard; sourceTree = "<group>"; };
		77D9B7721F7E941A00E35746 /* Assets.xcassets */ = {isa = PBXFileReference; lastKnownFileType = folder.assetcatalog; path = Assets.xcassets; sourceTree = "<group>"; };
		77D9B7751F7E941A00E35746 /* Base */ = {isa = PBXFileReference; lastKnownFileType = file.storyboard; name = Base; path = Base.lproj/LaunchScreen.storyboard; sourceTree = "<group>"; };
		77D9B7771F7E941A00E35746 /* Info.plist */ = {isa = PBXFileReference; lastKnownFileType = text.plist.xml; path = Info.plist; sourceTree = "<group>"; };
		77D9B7801F7E944100E35746 /* UINavigationController+SJVideoPlayerAdd.h */ = {isa = PBXFileReference; fileEncoding = 4; lastKnownFileType = sourcecode.c.h; path = "UINavigationController+SJVideoPlayerAdd.h"; sourceTree = "<group>"; };
		77D9B7811F7E944100E35746 /* UINavigationController+SJVideoPlayerAdd.m */ = {isa = PBXFileReference; fileEncoding = 4; lastKnownFileType = sourcecode.c.objc; path = "UINavigationController+SJVideoPlayerAdd.m"; sourceTree = "<group>"; };
		77D9B7821F7E944100E35746 /* UIViewController+SJVideoPlayerAdd.h */ = {isa = PBXFileReference; fileEncoding = 4; lastKnownFileType = sourcecode.c.h; path = "UIViewController+SJVideoPlayerAdd.h"; sourceTree = "<group>"; };
		77D9B7831F7E944100E35746 /* UIViewController+SJVideoPlayerAdd.m */ = {isa = PBXFileReference; fileEncoding = 4; lastKnownFileType = sourcecode.c.objc; path = "UIViewController+SJVideoPlayerAdd.m"; sourceTree = "<group>"; };
		77DA950E20416450007A9EE8 /* TestViewController.xib */ = {isa = PBXFileReference; lastKnownFileType = file.xib; path = TestViewController.xib; sourceTree = "<group>"; };
		77DB533F200384A800A6AD9F /* SJFullscreenPopGesture.podspec */ = {isa = PBXFileReference; fileEncoding = 4; lastKnownFileType = text; name = SJFullscreenPopGesture.podspec; path = ../SJFullscreenPopGesture.podspec; sourceTree = "<group>"; };
		77F987152084828C00BB125F /* SJSnapshotRecorder.h */ = {isa = PBXFileReference; fileEncoding = 4; lastKnownFileType = sourcecode.c.h; path = SJSnapshotRecorder.h; sourceTree = "<group>"; };
		77F987162084828C00BB125F /* SJSnapshotRecorder.m */ = {isa = PBXFileReference; fileEncoding = 4; lastKnownFileType = sourcecode.c.objc; path = SJSnapshotRecorder.m; sourceTree = "<group>"; };
		77F9871820849AC300BB125F /* loading.gif */ = {isa = PBXFileReference; lastKnownFileType = image.gif; path = loading.gif; sourceTree = "<group>"; };
		7EC039F4F8BF7EF7E3CBF732 /* libPods-SJBackGRProject.a */ = {isa = PBXFileReference; explicitFileType = archive.ar; includeInIndex = 0; path = "libPods-SJBackGRProject.a"; sourceTree = BUILT_PRODUCTS_DIR; };
		A6243BEF20427AE700A0096F /* TestViewControllerNav.swift */ = {isa = PBXFileReference; lastKnownFileType = sourcecode.swift; path = TestViewControllerNav.swift; sourceTree = "<group>"; };
		A6243BF120427AEE00A0096F /* TestViewControllerModal.swift */ = {isa = PBXFileReference; lastKnownFileType = sourcecode.swift; path = TestViewControllerModal.swift; sourceTree = "<group>"; };
		A6243BF320427CB400A0096F /* NavViewController.swift */ = {isa = PBXFileReference; lastKnownFileType = sourcecode.swift; path = NavViewController.swift; sourceTree = "<group>"; };
		A6243C022042841E00A0096F /* SJNavigationPopGesture.podspec */ = {isa = PBXFileReference; fileEncoding = 4; lastKnownFileType = text; name = SJNavigationPopGesture.podspec; path = ../SJNavigationPopGesture.podspec; sourceTree = "<group>"; };
		A6243C04204284B100A0096F /* SJNavigationPopGesture.swift */ = {isa = PBXFileReference; fileEncoding = 4; lastKnownFileType = sourcecode.swift; name = SJNavigationPopGesture.swift; path = ../../SJNavigationPopGesture/SJNavigationPopGesture.swift; sourceTree = "<group>"; };
		A6A0A8FD20410F2B003DB0A0 /* SwiftVersion.app */ = {isa = PBXFileReference; explicitFileType = wrapper.application; includeInIndex = 0; path = SwiftVersion.app; sourceTree = BUILT_PRODUCTS_DIR; };
		A6A0A8FF20410F2C003DB0A0 /* AppDelegate.swift */ = {isa = PBXFileReference; lastKnownFileType = sourcecode.swift; path = AppDelegate.swift; sourceTree = "<group>"; };
		A6A0A90120410F2C003DB0A0 /* ViewController.swift */ = {isa = PBXFileReference; lastKnownFileType = sourcecode.swift; path = ViewController.swift; sourceTree = "<group>"; };
		A6A0A90420410F2C003DB0A0 /* Base */ = {isa = PBXFileReference; lastKnownFileType = file.storyboard; name = Base; path = Base.lproj/Main.storyboard; sourceTree = "<group>"; };
		A6A0A90620410F2C003DB0A0 /* Assets.xcassets */ = {isa = PBXFileReference; lastKnownFileType = folder.assetcatalog; path = Assets.xcassets; sourceTree = "<group>"; };
		A6A0A90920410F2C003DB0A0 /* Base */ = {isa = PBXFileReference; lastKnownFileType = file.storyboard; name = Base; path = Base.lproj/LaunchScreen.storyboard; sourceTree = "<group>"; };
		A6A0A90B20410F2C003DB0A0 /* Info.plist */ = {isa = PBXFileReference; lastKnownFileType = text.plist.xml; path = Info.plist; sourceTree = "<group>"; };
		A6A0A91020410F2C003DB0A0 /* SwiftVersionTests.xctest */ = {isa = PBXFileReference; explicitFileType = wrapper.cfbundle; includeInIndex = 0; path = SwiftVersionTests.xctest; sourceTree = BUILT_PRODUCTS_DIR; };
		A6A0A91420410F2C003DB0A0 /* SwiftVersionTests.swift */ = {isa = PBXFileReference; lastKnownFileType = sourcecode.swift; path = SwiftVersionTests.swift; sourceTree = "<group>"; };
		A6A0A91620410F2C003DB0A0 /* Info.plist */ = {isa = PBXFileReference; lastKnownFileType = text.plist.xml; path = Info.plist; sourceTree = "<group>"; };
		A6A0A91B20410F2C003DB0A0 /* SwiftVersionUITests.xctest */ = {isa = PBXFileReference; explicitFileType = wrapper.cfbundle; includeInIndex = 0; path = SwiftVersionUITests.xctest; sourceTree = BUILT_PRODUCTS_DIR; };
		A6A0A91F20410F2C003DB0A0 /* SwiftVersionUITests.swift */ = {isa = PBXFileReference; lastKnownFileType = sourcecode.swift; path = SwiftVersionUITests.swift; sourceTree = "<group>"; };
		A6A0A92120410F2C003DB0A0 /* Info.plist */ = {isa = PBXFileReference; lastKnownFileType = text.plist.xml; path = Info.plist; sourceTree = "<group>"; };
		B1904B4F007A4F6AE8248B29 /* Pods-SJBackGRProject.release.xcconfig */ = {isa = PBXFileReference; includeInIndex = 1; lastKnownFileType = text.xcconfig; name = "Pods-SJBackGRProject.release.xcconfig"; path = "Pods/Target Support Files/Pods-SJBackGRProject/Pods-SJBackGRProject.release.xcconfig"; sourceTree = "<group>"; };
		DAB5A6048AC4F05C43F589A5 /* Pods-SwiftVersion.release.xcconfig */ = {isa = PBXFileReference; includeInIndex = 1; lastKnownFileType = text.xcconfig; name = "Pods-SwiftVersion.release.xcconfig"; path = "Pods/Target Support Files/Pods-SwiftVersion/Pods-SwiftVersion.release.xcconfig"; sourceTree = "<group>"; };
		EBD88913D66022964300A900 /* Pods-SwiftVersion.debug.xcconfig */ = {isa = PBXFileReference; includeInIndex = 1; lastKnownFileType = text.xcconfig; name = "Pods-SwiftVersion.debug.xcconfig"; path = "Pods/Target Support Files/Pods-SwiftVersion/Pods-SwiftVersion.debug.xcconfig"; sourceTree = "<group>"; };
/* End PBXFileReference section */

/* Begin PBXFrameworksBuildPhase section */
		77D9B7601F7E941A00E35746 /* Frameworks */ = {
			isa = PBXFrameworksBuildPhase;
			buildActionMask = 2147483647;
			files = (
				7651332F393F59F5F2FE29B1 /* libPods-SJBackGRProject.a in Frameworks */,
			);
			runOnlyForDeploymentPostprocessing = 0;
		};
		A6A0A8FA20410F2B003DB0A0 /* Frameworks */ = {
			isa = PBXFrameworksBuildPhase;
			buildActionMask = 2147483647;
			files = (
				33559CE6EE6B675F7BEEC696 /* Pods_SwiftVersion.framework in Frameworks */,
			);
			runOnlyForDeploymentPostprocessing = 0;
		};
		A6A0A90D20410F2C003DB0A0 /* Frameworks */ = {
			isa = PBXFrameworksBuildPhase;
			buildActionMask = 2147483647;
			files = (
			);
			runOnlyForDeploymentPostprocessing = 0;
		};
		A6A0A91820410F2C003DB0A0 /* Frameworks */ = {
			isa = PBXFrameworksBuildPhase;
			buildActionMask = 2147483647;
			files = (
			);
			runOnlyForDeploymentPostprocessing = 0;
		};
/* End PBXFrameworksBuildPhase section */

/* Begin PBXGroup section */
		7706353B2025575E00A7710F /* PageViewController */ = {
			isa = PBXGroup;
			children = (
				7706353C2025577700A7710F /* TestPageViewController.h */,
				7706353D2025577700A7710F /* TestPageViewController.m */,
				7706354220255EC400A7710F /* TestPageTitle.h */,
				7706354320255EC400A7710F /* TestPageTitle.m */,
				770635452025603600A7710F /* UIViewController+TestAdd.h */,
				770635462025603600A7710F /* UIViewController+TestAdd.m */,
			);
			path = PageViewController;
			sourceTree = "<group>";
		};
		7706E1301FF78E8E006E0B56 /* Test2 */ = {
			isa = PBXGroup;
			children = (
				7706E1311FF78EA2006E0B56 /* SJTest2ViewController.h */,
				7706E1321FF78EA2006E0B56 /* SJTest2ViewController.m */,
			);
			name = Test2;
			path = Test;
			sourceTree = "<group>";
		};
		771FFBB91F7E94B40076EEB0 /* Test */ = {
			isa = PBXGroup;
			children = (
				771FFBBA1F7E94B40076EEB0 /* NextViewController.h */,
				771FFBBB1F7E94B40076EEB0 /* NextViewController.m */,
				771FFBBC1F7E94B40076EEB0 /* NoNavViewController.h */,
				771FFBBD1F7E94B40076EEB0 /* NoNavViewController.m */,
				7706353B2025575E00A7710F /* PageViewController */,
			);
			path = Test;
			sourceTree = "<group>";
		};
		77BF68372016F3D10040AAC3 /* WebTest */ = {
			isa = PBXGroup;
			children = (
				77BF68382016F3DD0040AAC3 /* WebViewController.h */,
				77BF68392016F3DD0040AAC3 /* WebViewController.m */,
			);
			path = WebTest;
			sourceTree = "<group>";
		};
		77D9B75A1F7E941A00E35746 = {
			isa = PBXGroup;
			children = (
				A6243C022042841E00A0096F /* SJNavigationPopGesture.podspec */,
				77DB533F200384A800A6AD9F /* SJFullscreenPopGesture.podspec */,
				779177811FC539C100E2AFF7 /* README.md */,
				77D9B7651F7E941A00E35746 /* SJBackGRProject */,
				A6A0A8FE20410F2C003DB0A0 /* SwiftVersion */,
				A6A0A91320410F2C003DB0A0 /* SwiftVersionTests */,
				A6A0A91E20410F2C003DB0A0 /* SwiftVersionUITests */,
				77D9B7641F7E941A00E35746 /* Products */,
				87984551C5A7304FF5679A25 /* Pods */,
				D1D9BA2F07858175A363638F /* Frameworks */,
			);
			sourceTree = "<group>";
		};
		77D9B7641F7E941A00E35746 /* Products */ = {
			isa = PBXGroup;
			children = (
				77D9B7631F7E941A00E35746 /* SJBackGRProject.app */,
				A6A0A8FD20410F2B003DB0A0 /* SwiftVersion.app */,
				A6A0A91020410F2C003DB0A0 /* SwiftVersionTests.xctest */,
				A6A0A91B20410F2C003DB0A0 /* SwiftVersionUITests.xctest */,
			);
			name = Products;
			sourceTree = "<group>";
		};
		77D9B7651F7E941A00E35746 /* SJBackGRProject */ = {
			isa = PBXGroup;
			children = (
				77D9B7691F7E941A00E35746 /* AppDelegate.h */,
				77D9B76A1F7E941A00E35746 /* AppDelegate.m */,
				779177831FC53F6D00E2AFF7 /* NavigationController.h */,
				779177841FC53F6D00E2AFF7 /* NavigationController.m */,
				771FFBB91F7E94B40076EEB0 /* Test */,
				7706E1301FF78E8E006E0B56 /* Test2 */,
				77BF68372016F3D10040AAC3 /* WebTest */,
				77D9B77D1F7E944100E35746 /* SJFullscreenPopGesture */,
				77D9B76C1F7E941A00E35746 /* ViewController.h */,
				77D9B76D1F7E941A00E35746 /* ViewController.m */,
				77F9871820849AC300BB125F /* loading.gif */,
				772D239B200B7B3A00E332B9 /* ex1.gif */,
				775A29FF201974E100327470 /* ex2.gif */,
				77D9B76F1F7E941A00E35746 /* Main.storyboard */,
				77D9B7721F7E941A00E35746 /* Assets.xcassets */,
				77D9B7741F7E941A00E35746 /* LaunchScreen.storyboard */,
				77D9B7771F7E941A00E35746 /* Info.plist */,
				77D9B7661F7E941A00E35746 /* Supporting Files */,
			);
			path = SJBackGRProject;
			sourceTree = "<group>";
		};
		77D9B7661F7E941A00E35746 /* Supporting Files */ = {
			isa = PBXGroup;
			children = (
				77D9B7671F7E941A00E35746 /* main.m */,
			);
			name = "Supporting Files";
			sourceTree = "<group>";
		};
		77D9B77D1F7E944100E35746 /* SJFullscreenPopGesture */ = {
			isa = PBXGroup;
			children = (
				77D9B7801F7E944100E35746 /* UINavigationController+SJVideoPlayerAdd.h */,
				77D9B7811F7E944100E35746 /* UINavigationController+SJVideoPlayerAdd.m */,
				77D9B7821F7E944100E35746 /* UIViewController+SJVideoPlayerAdd.h */,
				77D9B7831F7E944100E35746 /* UIViewController+SJVideoPlayerAdd.m */,
				77A7162A2012EF1A00278C95 /* SJScreenshotTransitionMode.h */,
				77F987152084828C00BB125F /* SJSnapshotRecorder.h */,
				77F987162084828C00BB125F /* SJSnapshotRecorder.m */,
			);
			name = SJFullscreenPopGesture;
			path = ../../SJFullscreenPopGesture;
			sourceTree = "<group>";
		};
		87984551C5A7304FF5679A25 /* Pods */ = {
			isa = PBXGroup;
			children = (
				39202E5F7055D8AC447FC6B4 /* Pods-SJBackGRProject.debug.xcconfig */,
				B1904B4F007A4F6AE8248B29 /* Pods-SJBackGRProject.release.xcconfig */,
				EBD88913D66022964300A900 /* Pods-SwiftVersion.debug.xcconfig */,
				DAB5A6048AC4F05C43F589A5 /* Pods-SwiftVersion.release.xcconfig */,
			);
			name = Pods;
			sourceTree = "<group>";
		};
		A6A0A8FE20410F2C003DB0A0 /* SwiftVersion */ = {
			isa = PBXGroup;
			children = (
				A6243C04204284B100A0096F /* SJNavigationPopGesture.swift */,
				A6A0A8FF20410F2C003DB0A0 /* AppDelegate.swift */,
				A6A0A90120410F2C003DB0A0 /* ViewController.swift */,
				A6243BEF20427AE700A0096F /* TestViewControllerNav.swift */,
				A6243BF320427CB400A0096F /* NavViewController.swift */,
				A6243BF120427AEE00A0096F /* TestViewControllerModal.swift */,
				77DA950E20416450007A9EE8 /* TestViewController.xib */,
				A6A0A90320410F2C003DB0A0 /* Main.storyboard */,
				A6A0A90620410F2C003DB0A0 /* Assets.xcassets */,
				A6A0A90820410F2C003DB0A0 /* LaunchScreen.storyboard */,
				A6A0A90B20410F2C003DB0A0 /* Info.plist */,
			);
			path = SwiftVersion;
			sourceTree = "<group>";
		};
		A6A0A91320410F2C003DB0A0 /* SwiftVersionTests */ = {
			isa = PBXGroup;
			children = (
				A6A0A91420410F2C003DB0A0 /* SwiftVersionTests.swift */,
				A6A0A91620410F2C003DB0A0 /* Info.plist */,
			);
			path = SwiftVersionTests;
			sourceTree = "<group>";
		};
		A6A0A91E20410F2C003DB0A0 /* SwiftVersionUITests */ = {
			isa = PBXGroup;
			children = (
				A6A0A91F20410F2C003DB0A0 /* SwiftVersionUITests.swift */,
				A6A0A92120410F2C003DB0A0 /* Info.plist */,
			);
			path = SwiftVersionUITests;
			sourceTree = "<group>";
		};
		D1D9BA2F07858175A363638F /* Frameworks */ = {
			isa = PBXGroup;
			children = (
				7EC039F4F8BF7EF7E3CBF732 /* libPods-SJBackGRProject.a */,
				4A1BE2919C271D67FEC5EEAF /* Pods_SwiftVersion.framework */,
			);
			name = Frameworks;
			sourceTree = "<group>";
		};
/* End PBXGroup section */

/* Begin PBXNativeTarget section */
		77D9B7621F7E941A00E35746 /* SJBackGRProject */ = {
			isa = PBXNativeTarget;
			buildConfigurationList = 77D9B77A1F7E941A00E35746 /* Build configuration list for PBXNativeTarget "SJBackGRProject" */;
			buildPhases = (
				A79CEE346BE5CF71FFCC3B10 /* [CP] Check Pods Manifest.lock */,
				77D9B75F1F7E941A00E35746 /* Sources */,
				77D9B7601F7E941A00E35746 /* Frameworks */,
				77D9B7611F7E941A00E35746 /* Resources */,
				854AF89ECD28522FF104323F /* [CP] Embed Pods Frameworks */,
				6DC1D1BB7D2159222B1BE691 /* [CP] Copy Pods Resources */,
			);
			buildRules = (
			);
			dependencies = (
			);
			name = SJBackGRProject;
			productName = SJBackGRProject;
			productReference = 77D9B7631F7E941A00E35746 /* SJBackGRProject.app */;
			productType = "com.apple.product-type.application";
		};
		A6A0A8FC20410F2B003DB0A0 /* SwiftVersion */ = {
			isa = PBXNativeTarget;
			buildConfigurationList = A6A0A92820410F2C003DB0A0 /* Build configuration list for PBXNativeTarget "SwiftVersion" */;
			buildPhases = (
				81DE500931C7D33E20FF7562 /* [CP] Check Pods Manifest.lock */,
				A6A0A8F920410F2B003DB0A0 /* Sources */,
				A6A0A8FA20410F2B003DB0A0 /* Frameworks */,
				A6A0A8FB20410F2B003DB0A0 /* Resources */,
				B5BB67EBECFD9DDA956AF17F /* [CP] Embed Pods Frameworks */,
				6064A4EF2DA00B5BA75220B3 /* [CP] Copy Pods Resources */,
			);
			buildRules = (
			);
			dependencies = (
			);
			name = SwiftVersion;
			productName = SwiftVersion;
			productReference = A6A0A8FD20410F2B003DB0A0 /* SwiftVersion.app */;
			productType = "com.apple.product-type.application";
		};
		A6A0A90F20410F2C003DB0A0 /* SwiftVersionTests */ = {
			isa = PBXNativeTarget;
			buildConfigurationList = A6A0A92920410F2C003DB0A0 /* Build configuration list for PBXNativeTarget "SwiftVersionTests" */;
			buildPhases = (
				A6A0A90C20410F2C003DB0A0 /* Sources */,
				A6A0A90D20410F2C003DB0A0 /* Frameworks */,
				A6A0A90E20410F2C003DB0A0 /* Resources */,
			);
			buildRules = (
			);
			dependencies = (
				A6A0A91220410F2C003DB0A0 /* PBXTargetDependency */,
			);
			name = SwiftVersionTests;
			productName = SwiftVersionTests;
			productReference = A6A0A91020410F2C003DB0A0 /* SwiftVersionTests.xctest */;
			productType = "com.apple.product-type.bundle.unit-test";
		};
		A6A0A91A20410F2C003DB0A0 /* SwiftVersionUITests */ = {
			isa = PBXNativeTarget;
			buildConfigurationList = A6A0A92A20410F2C003DB0A0 /* Build configuration list for PBXNativeTarget "SwiftVersionUITests" */;
			buildPhases = (
				A6A0A91720410F2C003DB0A0 /* Sources */,
				A6A0A91820410F2C003DB0A0 /* Frameworks */,
				A6A0A91920410F2C003DB0A0 /* Resources */,
			);
			buildRules = (
			);
			dependencies = (
				A6A0A91D20410F2C003DB0A0 /* PBXTargetDependency */,
			);
			name = SwiftVersionUITests;
			productName = SwiftVersionUITests;
			productReference = A6A0A91B20410F2C003DB0A0 /* SwiftVersionUITests.xctest */;
			productType = "com.apple.product-type.bundle.ui-testing";
		};
/* End PBXNativeTarget section */

/* Begin PBXProject section */
		77D9B75B1F7E941A00E35746 /* Project object */ = {
			isa = PBXProject;
			attributes = {
				LastSwiftUpdateCheck = 0920;
				LastUpgradeCheck = 0900;
				ORGANIZATIONNAME = SanJiang;
				TargetAttributes = {
					77D9B7621F7E941A00E35746 = {
						CreatedOnToolsVersion = 8.3.3;
						DevelopmentTeam = DB5B5F2RH5;
						ProvisioningStyle = Manual;
					};
					A6A0A8FC20410F2B003DB0A0 = {
						CreatedOnToolsVersion = 9.2;
						DevelopmentTeam = DB5B5F2RH5;
						ProvisioningStyle = Manual;
					};
					A6A0A90F20410F2C003DB0A0 = {
						CreatedOnToolsVersion = 9.2;
						ProvisioningStyle = Automatic;
						TestTargetID = A6A0A8FC20410F2B003DB0A0;
					};
					A6A0A91A20410F2C003DB0A0 = {
						CreatedOnToolsVersion = 9.2;
						ProvisioningStyle = Automatic;
						TestTargetID = A6A0A8FC20410F2B003DB0A0;
					};
				};
			};
			buildConfigurationList = 77D9B75E1F7E941A00E35746 /* Build configuration list for PBXProject "SJBackGRProject" */;
			compatibilityVersion = "Xcode 3.2";
			developmentRegion = English;
			hasScannedForEncodings = 0;
			knownRegions = (
				en,
				Base,
			);
			mainGroup = 77D9B75A1F7E941A00E35746;
			productRefGroup = 77D9B7641F7E941A00E35746 /* Products */;
			projectDirPath = "";
			projectRoot = "";
			targets = (
				77D9B7621F7E941A00E35746 /* SJBackGRProject */,
				A6A0A8FC20410F2B003DB0A0 /* SwiftVersion */,
				A6A0A90F20410F2C003DB0A0 /* SwiftVersionTests */,
				A6A0A91A20410F2C003DB0A0 /* SwiftVersionUITests */,
			);
		};
/* End PBXProject section */

/* Begin PBXResourcesBuildPhase section */
		77D9B7611F7E941A00E35746 /* Resources */ = {
			isa = PBXResourcesBuildPhase;
			buildActionMask = 2147483647;
			files = (
				77DB5340200384A800A6AD9F /* SJFullscreenPopGesture.podspec in Resources */,
				775A2A00201974E100327470 /* ex2.gif in Resources */,
				77D9B7761F7E941A00E35746 /* LaunchScreen.storyboard in Resources */,
				77D9B7731F7E941A00E35746 /* Assets.xcassets in Resources */,
				779177821FC539C100E2AFF7 /* README.md in Resources */,
				A6243C032042841E00A0096F /* SJNavigationPopGesture.podspec in Resources */,
				77F9871920849AC300BB125F /* loading.gif in Resources */,
				77D9B7711F7E941A00E35746 /* Main.storyboard in Resources */,
				772D239C200B7B3A00E332B9 /* ex1.gif in Resources */,
			);
			runOnlyForDeploymentPostprocessing = 0;
		};
		A6A0A8FB20410F2B003DB0A0 /* Resources */ = {
			isa = PBXResourcesBuildPhase;
			buildActionMask = 2147483647;
			files = (
				A6A0A90A20410F2C003DB0A0 /* LaunchScreen.storyboard in Resources */,
				A6A0A90720410F2C003DB0A0 /* Assets.xcassets in Resources */,
				77DA951020416450007A9EE8 /* TestViewController.xib in Resources */,
				A6A0A90520410F2C003DB0A0 /* Main.storyboard in Resources */,
			);
			runOnlyForDeploymentPostprocessing = 0;
		};
		A6A0A90E20410F2C003DB0A0 /* Resources */ = {
			isa = PBXResourcesBuildPhase;
			buildActionMask = 2147483647;
			files = (
			);
			runOnlyForDeploymentPostprocessing = 0;
		};
		A6A0A91920410F2C003DB0A0 /* Resources */ = {
			isa = PBXResourcesBuildPhase;
			buildActionMask = 2147483647;
			files = (
			);
			runOnlyForDeploymentPostprocessing = 0;
		};
/* End PBXResourcesBuildPhase section */

/* Begin PBXShellScriptBuildPhase section */
		6064A4EF2DA00B5BA75220B3 /* [CP] Copy Pods Resources */ = {
			isa = PBXShellScriptBuildPhase;
			buildActionMask = 2147483647;
			files = (
			);
			inputPaths = (
			);
			name = "[CP] Copy Pods Resources";
			outputPaths = (
			);
			runOnlyForDeploymentPostprocessing = 0;
			shellPath = /bin/sh;
			shellScript = "\"${SRCROOT}/Pods/Target Support Files/Pods-SwiftVersion/Pods-SwiftVersion-resources.sh\"\n";
			showEnvVarsInLog = 0;
		};
		6DC1D1BB7D2159222B1BE691 /* [CP] Copy Pods Resources */ = {
			isa = PBXShellScriptBuildPhase;
			buildActionMask = 2147483647;
			files = (
			);
			inputPaths = (
			);
			name = "[CP] Copy Pods Resources";
			outputPaths = (
			);
			runOnlyForDeploymentPostprocessing = 0;
			shellPath = /bin/sh;
			shellScript = "\"${SRCROOT}/Pods/Target Support Files/Pods-SJBackGRProject/Pods-SJBackGRProject-resources.sh\"\n";
			showEnvVarsInLog = 0;
		};
		81DE500931C7D33E20FF7562 /* [CP] Check Pods Manifest.lock */ = {
			isa = PBXShellScriptBuildPhase;
			buildActionMask = 2147483647;
			files = (
			);
			inputPaths = (
				"${PODS_PODFILE_DIR_PATH}/Podfile.lock",
				"${PODS_ROOT}/Manifest.lock",
			);
			name = "[CP] Check Pods Manifest.lock";
			outputPaths = (
				"$(DERIVED_FILE_DIR)/Pods-SwiftVersion-checkManifestLockResult.txt",
			);
			runOnlyForDeploymentPostprocessing = 0;
			shellPath = /bin/sh;
			shellScript = "diff \"${PODS_PODFILE_DIR_PATH}/Podfile.lock\" \"${PODS_ROOT}/Manifest.lock\" > /dev/null\nif [ $? != 0 ] ; then\n    # print error to STDERR\n    echo \"error: The sandbox is not in sync with the Podfile.lock. Run 'pod install' or update your CocoaPods installation.\" >&2\n    exit 1\nfi\n# This output is used by Xcode 'outputs' to avoid re-running this script phase.\necho \"SUCCESS\" > \"${SCRIPT_OUTPUT_FILE_0}\"\n";
			showEnvVarsInLog = 0;
		};
		854AF89ECD28522FF104323F /* [CP] Embed Pods Frameworks */ = {
			isa = PBXShellScriptBuildPhase;
			buildActionMask = 2147483647;
			files = (
			);
			inputPaths = (
			);
			name = "[CP] Embed Pods Frameworks";
			outputPaths = (
			);
			runOnlyForDeploymentPostprocessing = 0;
			shellPath = /bin/sh;
			shellScript = "\"${SRCROOT}/Pods/Target Support Files/Pods-SJBackGRProject/Pods-SJBackGRProject-frameworks.sh\"\n";
			showEnvVarsInLog = 0;
		};
		A79CEE346BE5CF71FFCC3B10 /* [CP] Check Pods Manifest.lock */ = {
			isa = PBXShellScriptBuildPhase;
			buildActionMask = 2147483647;
			files = (
			);
			inputPaths = (
				"${PODS_PODFILE_DIR_PATH}/Podfile.lock",
				"${PODS_ROOT}/Manifest.lock",
			);
			name = "[CP] Check Pods Manifest.lock";
			outputPaths = (
				"$(DERIVED_FILE_DIR)/Pods-SJBackGRProject-checkManifestLockResult.txt",
			);
			runOnlyForDeploymentPostprocessing = 0;
			shellPath = /bin/sh;
			shellScript = "diff \"${PODS_PODFILE_DIR_PATH}/Podfile.lock\" \"${PODS_ROOT}/Manifest.lock\" > /dev/null\nif [ $? != 0 ] ; then\n    # print error to STDERR\n    echo \"error: The sandbox is not in sync with the Podfile.lock. Run 'pod install' or update your CocoaPods installation.\" >&2\n    exit 1\nfi\n# This output is used by Xcode 'outputs' to avoid re-running this script phase.\necho \"SUCCESS\" > \"${SCRIPT_OUTPUT_FILE_0}\"\n";
			showEnvVarsInLog = 0;
		};
		B5BB67EBECFD9DDA956AF17F /* [CP] Embed Pods Frameworks */ = {
			isa = PBXShellScriptBuildPhase;
			buildActionMask = 2147483647;
			files = (
			);
			inputPaths = (
				"${SRCROOT}/Pods/Target Support Files/Pods-SwiftVersion/Pods-SwiftVersion-frameworks.sh",
				"${BUILT_PRODUCTS_DIR}/Masonry-framework/Masonry.framework",
				"${BUILT_PRODUCTS_DIR}/SJAttributesFactory-framework/SJAttributesFactory.framework",
				"${BUILT_PRODUCTS_DIR}/SJLabel-framework/SJLabel.framework",
				"${BUILT_PRODUCTS_DIR}/SJScrollEntriesView-framework/SJScrollEntriesView.framework",
				"${BUILT_PRODUCTS_DIR}/SJUIFactory-framework/SJUIFactory.framework",
			);
			name = "[CP] Embed Pods Frameworks";
			outputPaths = (
				"${TARGET_BUILD_DIR}/${FRAMEWORKS_FOLDER_PATH}/Masonry.framework",
				"${TARGET_BUILD_DIR}/${FRAMEWORKS_FOLDER_PATH}/SJAttributesFactory.framework",
				"${TARGET_BUILD_DIR}/${FRAMEWORKS_FOLDER_PATH}/SJLabel.framework",
				"${TARGET_BUILD_DIR}/${FRAMEWORKS_FOLDER_PATH}/SJScrollEntriesView.framework",
				"${TARGET_BUILD_DIR}/${FRAMEWORKS_FOLDER_PATH}/SJUIFactory.framework",
			);
			runOnlyForDeploymentPostprocessing = 0;
			shellPath = /bin/sh;
			shellScript = "\"${SRCROOT}/Pods/Target Support Files/Pods-SwiftVersion/Pods-SwiftVersion-frameworks.sh\"\n";
			showEnvVarsInLog = 0;
		};
/* End PBXShellScriptBuildPhase section */

/* Begin PBXSourcesBuildPhase section */
		77D9B75F1F7E941A00E35746 /* Sources */ = {
			isa = PBXSourcesBuildPhase;
			buildActionMask = 2147483647;
			files = (
				77D9B7851F7E944100E35746 /* UINavigationController+SJVideoPlayerAdd.m in Sources */,
				771FFBC01F7E94C70076EEB0 /* NoNavViewController.m in Sources */,
				77BF683A2016F3DD0040AAC3 /* WebViewController.m in Sources */,
				77D9B76E1F7E941A00E35746 /* ViewController.m in Sources */,
				770635472025603600A7710F /* UIViewController+TestAdd.m in Sources */,
				779177851FC53F6D00E2AFF7 /* NavigationController.m in Sources */,
				77D9B7861F7E944100E35746 /* UIViewController+SJVideoPlayerAdd.m in Sources */,
				77D9B76B1F7E941A00E35746 /* AppDelegate.m in Sources */,
				7706353E2025577700A7710F /* TestPageViewController.m in Sources */,
				7706E1331FF78EA2006E0B56 /* SJTest2ViewController.m in Sources */,
				771FFBBF1F7E94C40076EEB0 /* NextViewController.m in Sources */,
				77D9B7681F7E941A00E35746 /* main.m in Sources */,
				77F987172084828C00BB125F /* SJSnapshotRecorder.m in Sources */,
				7706354420255EC400A7710F /* TestPageTitle.m in Sources */,
			);
			runOnlyForDeploymentPostprocessing = 0;
		};
		A6A0A8F920410F2B003DB0A0 /* Sources */ = {
			isa = PBXSourcesBuildPhase;
			buildActionMask = 2147483647;
			files = (
				A6243C05204284B100A0096F /* SJNavigationPopGesture.swift in Sources */,
				A6243BF220427AEE00A0096F /* TestViewControllerModal.swift in Sources */,
				A6243BF020427AE700A0096F /* TestViewControllerNav.swift in Sources */,
				A6A0A90220410F2C003DB0A0 /* ViewController.swift in Sources */,
				A6243BF420427CB400A0096F /* NavViewController.swift in Sources */,
				A6A0A90020410F2C003DB0A0 /* AppDelegate.swift in Sources */,
			);
			runOnlyForDeploymentPostprocessing = 0;
		};
		A6A0A90C20410F2C003DB0A0 /* Sources */ = {
			isa = PBXSourcesBuildPhase;
			buildActionMask = 2147483647;
			files = (
				A6A0A91520410F2C003DB0A0 /* SwiftVersionTests.swift in Sources */,
			);
			runOnlyForDeploymentPostprocessing = 0;
		};
		A6A0A91720410F2C003DB0A0 /* Sources */ = {
			isa = PBXSourcesBuildPhase;
			buildActionMask = 2147483647;
			files = (
				A6A0A92020410F2C003DB0A0 /* SwiftVersionUITests.swift in Sources */,
			);
			runOnlyForDeploymentPostprocessing = 0;
		};
/* End PBXSourcesBuildPhase section */

/* Begin PBXTargetDependency section */
		A6A0A91220410F2C003DB0A0 /* PBXTargetDependency */ = {
			isa = PBXTargetDependency;
			target = A6A0A8FC20410F2B003DB0A0 /* SwiftVersion */;
			targetProxy = A6A0A91120410F2C003DB0A0 /* PBXContainerItemProxy */;
		};
		A6A0A91D20410F2C003DB0A0 /* PBXTargetDependency */ = {
			isa = PBXTargetDependency;
			target = A6A0A8FC20410F2B003DB0A0 /* SwiftVersion */;
			targetProxy = A6A0A91C20410F2C003DB0A0 /* PBXContainerItemProxy */;
		};
/* End PBXTargetDependency section */

/* Begin PBXVariantGroup section */
		77D9B76F1F7E941A00E35746 /* Main.storyboard */ = {
			isa = PBXVariantGroup;
			children = (
				77D9B7701F7E941A00E35746 /* Base */,
			);
			name = Main.storyboard;
			sourceTree = "<group>";
		};
		77D9B7741F7E941A00E35746 /* LaunchScreen.storyboard */ = {
			isa = PBXVariantGroup;
			children = (
				77D9B7751F7E941A00E35746 /* Base */,
			);
			name = LaunchScreen.storyboard;
			sourceTree = "<group>";
		};
		A6A0A90320410F2C003DB0A0 /* Main.storyboard */ = {
			isa = PBXVariantGroup;
			children = (
				A6A0A90420410F2C003DB0A0 /* Base */,
			);
			name = Main.storyboard;
			sourceTree = "<group>";
		};
		A6A0A90820410F2C003DB0A0 /* LaunchScreen.storyboard */ = {
			isa = PBXVariantGroup;
			children = (
				A6A0A90920410F2C003DB0A0 /* Base */,
			);
			name = LaunchScreen.storyboard;
			sourceTree = "<group>";
		};
/* End PBXVariantGroup section */

/* Begin XCBuildConfiguration section */
		77D9B7781F7E941A00E35746 /* Debug */ = {
			isa = XCBuildConfiguration;
			buildSettings = {
				ALWAYS_SEARCH_USER_PATHS = NO;
				CLANG_ANALYZER_NONNULL = YES;
				CLANG_ANALYZER_NUMBER_OBJECT_CONVERSION = YES_AGGRESSIVE;
				CLANG_CXX_LANGUAGE_STANDARD = "gnu++0x";
				CLANG_CXX_LIBRARY = "libc++";
				CLANG_ENABLE_MODULES = YES;
				CLANG_ENABLE_OBJC_ARC = YES;
				CLANG_WARN_BLOCK_CAPTURE_AUTORELEASING = YES;
				CLANG_WARN_BOOL_CONVERSION = YES;
				CLANG_WARN_COMMA = YES;
				CLANG_WARN_CONSTANT_CONVERSION = YES;
				CLANG_WARN_DIRECT_OBJC_ISA_USAGE = YES_ERROR;
				CLANG_WARN_DOCUMENTATION_COMMENTS = YES;
				CLANG_WARN_EMPTY_BODY = YES;
				CLANG_WARN_ENUM_CONVERSION = YES;
				CLANG_WARN_INFINITE_RECURSION = YES;
				CLANG_WARN_INT_CONVERSION = YES;
				CLANG_WARN_NON_LITERAL_NULL_CONVERSION = YES;
				CLANG_WARN_OBJC_LITERAL_CONVERSION = YES;
				CLANG_WARN_OBJC_ROOT_CLASS = YES_ERROR;
				CLANG_WARN_RANGE_LOOP_ANALYSIS = YES;
				CLANG_WARN_STRICT_PROTOTYPES = YES;
				CLANG_WARN_SUSPICIOUS_MOVE = YES;
				CLANG_WARN_UNREACHABLE_CODE = YES;
				CLANG_WARN__DUPLICATE_METHOD_MATCH = YES;
				"CODE_SIGN_IDENTITY[sdk=iphoneos*]" = "iPhone Developer";
				COPY_PHASE_STRIP = NO;
				DEBUG_INFORMATION_FORMAT = dwarf;
				ENABLE_STRICT_OBJC_MSGSEND = YES;
				ENABLE_TESTABILITY = YES;
				GCC_C_LANGUAGE_STANDARD = gnu99;
				GCC_DYNAMIC_NO_PIC = NO;
				GCC_NO_COMMON_BLOCKS = YES;
				GCC_OPTIMIZATION_LEVEL = 0;
				GCC_PREPROCESSOR_DEFINITIONS = (
					"DEBUG=1",
					"$(inherited)",
				);
				GCC_WARN_64_TO_32_BIT_CONVERSION = YES;
				GCC_WARN_ABOUT_RETURN_TYPE = YES_ERROR;
				GCC_WARN_UNDECLARED_SELECTOR = YES;
				GCC_WARN_UNINITIALIZED_AUTOS = YES_AGGRESSIVE;
				GCC_WARN_UNUSED_FUNCTION = YES;
				GCC_WARN_UNUSED_VARIABLE = YES;
				IPHONEOS_DEPLOYMENT_TARGET = 10.3;
				MTL_ENABLE_DEBUG_INFO = YES;
				ONLY_ACTIVE_ARCH = YES;
				SDKROOT = iphoneos;
				TARGETED_DEVICE_FAMILY = "1,2";
			};
			name = Debug;
		};
		77D9B7791F7E941A00E35746 /* Release */ = {
			isa = XCBuildConfiguration;
			buildSettings = {
				ALWAYS_SEARCH_USER_PATHS = NO;
				CLANG_ANALYZER_NONNULL = YES;
				CLANG_ANALYZER_NUMBER_OBJECT_CONVERSION = YES_AGGRESSIVE;
				CLANG_CXX_LANGUAGE_STANDARD = "gnu++0x";
				CLANG_CXX_LIBRARY = "libc++";
				CLANG_ENABLE_MODULES = YES;
				CLANG_ENABLE_OBJC_ARC = YES;
				CLANG_WARN_BLOCK_CAPTURE_AUTORELEASING = YES;
				CLANG_WARN_BOOL_CONVERSION = YES;
				CLANG_WARN_COMMA = YES;
				CLANG_WARN_CONSTANT_CONVERSION = YES;
				CLANG_WARN_DIRECT_OBJC_ISA_USAGE = YES_ERROR;
				CLANG_WARN_DOCUMENTATION_COMMENTS = YES;
				CLANG_WARN_EMPTY_BODY = YES;
				CLANG_WARN_ENUM_CONVERSION = YES;
				CLANG_WARN_INFINITE_RECURSION = YES;
				CLANG_WARN_INT_CONVERSION = YES;
				CLANG_WARN_NON_LITERAL_NULL_CONVERSION = YES;
				CLANG_WARN_OBJC_LITERAL_CONVERSION = YES;
				CLANG_WARN_OBJC_ROOT_CLASS = YES_ERROR;
				CLANG_WARN_RANGE_LOOP_ANALYSIS = YES;
				CLANG_WARN_STRICT_PROTOTYPES = YES;
				CLANG_WARN_SUSPICIOUS_MOVE = YES;
				CLANG_WARN_UNREACHABLE_CODE = YES;
				CLANG_WARN__DUPLICATE_METHOD_MATCH = YES;
				"CODE_SIGN_IDENTITY[sdk=iphoneos*]" = "iPhone Developer";
				COPY_PHASE_STRIP = NO;
				DEBUG_INFORMATION_FORMAT = "dwarf-with-dsym";
				ENABLE_NS_ASSERTIONS = NO;
				ENABLE_STRICT_OBJC_MSGSEND = YES;
				GCC_C_LANGUAGE_STANDARD = gnu99;
				GCC_NO_COMMON_BLOCKS = YES;
				GCC_WARN_64_TO_32_BIT_CONVERSION = YES;
				GCC_WARN_ABOUT_RETURN_TYPE = YES_ERROR;
				GCC_WARN_UNDECLARED_SELECTOR = YES;
				GCC_WARN_UNINITIALIZED_AUTOS = YES_AGGRESSIVE;
				GCC_WARN_UNUSED_FUNCTION = YES;
				GCC_WARN_UNUSED_VARIABLE = YES;
				IPHONEOS_DEPLOYMENT_TARGET = 10.3;
				MTL_ENABLE_DEBUG_INFO = NO;
				SDKROOT = iphoneos;
				TARGETED_DEVICE_FAMILY = "1,2";
				VALIDATE_PRODUCT = YES;
			};
			name = Release;
		};
		77D9B77B1F7E941A00E35746 /* Debug */ = {
			isa = XCBuildConfiguration;
			baseConfigurationReference = 39202E5F7055D8AC447FC6B4 /* Pods-SJBackGRProject.debug.xcconfig */;
			buildSettings = {
				ASSETCATALOG_COMPILER_APPICON_NAME = AppIcon;
				DEVELOPMENT_TEAM = DB5B5F2RH5;
				INFOPLIST_FILE = SJBackGRProject/Info.plist;
				IPHONEOS_DEPLOYMENT_TARGET = 8.0;
				LD_RUNPATH_SEARCH_PATHS = "$(inherited) @executable_path/Frameworks";
				PRODUCT_BUNDLE_IDENTIFIER = com.SanJiang.SJBackGRProject;
				PRODUCT_NAME = "$(TARGET_NAME)";
				PROVISIONING_PROFILE = "64c214b3-450d-41eb-b05e-df636dfa28c8";
				PROVISIONING_PROFILE_SPECIFIER = SanJiangDevelopment;
			};
			name = Debug;
		};
		77D9B77C1F7E941A00E35746 /* Release */ = {
			isa = XCBuildConfiguration;
			baseConfigurationReference = B1904B4F007A4F6AE8248B29 /* Pods-SJBackGRProject.release.xcconfig */;
			buildSettings = {
				ASSETCATALOG_COMPILER_APPICON_NAME = AppIcon;
				DEVELOPMENT_TEAM = "";
				INFOPLIST_FILE = SJBackGRProject/Info.plist;
				IPHONEOS_DEPLOYMENT_TARGET = 8.0;
				LD_RUNPATH_SEARCH_PATHS = "$(inherited) @executable_path/Frameworks";
				PRODUCT_BUNDLE_IDENTIFIER = com.SanJiang.SJBackGRProject;
				PRODUCT_NAME = "$(TARGET_NAME)";
				PROVISIONING_PROFILE_SPECIFIER = "";
			};
			name = Release;
		};
		A6A0A92220410F2C003DB0A0 /* Debug */ = {
			isa = XCBuildConfiguration;
			baseConfigurationReference = EBD88913D66022964300A900 /* Pods-SwiftVersion.debug.xcconfig */;
			buildSettings = {
				ASSETCATALOG_COMPILER_APPICON_NAME = AppIcon;
				CLANG_CXX_LANGUAGE_STANDARD = "gnu++14";
				CLANG_WARN_UNGUARDED_AVAILABILITY = YES_AGGRESSIVE;
				CODE_SIGN_IDENTITY = "iPhone Developer";
				CODE_SIGN_STYLE = Manual;
				DEVELOPMENT_TEAM = DB5B5F2RH5;
				GCC_C_LANGUAGE_STANDARD = gnu11;
				INFOPLIST_FILE = SwiftVersion/Info.plist;
				IPHONEOS_DEPLOYMENT_TARGET = 9.0;
				LD_RUNPATH_SEARCH_PATHS = "$(inherited) @executable_path/Frameworks";
				PRODUCT_BUNDLE_IDENTIFIER = com.SanJiang.SwiftVersion;
				PRODUCT_NAME = "$(TARGET_NAME)";
				PROVISIONING_PROFILE = "acd2453e-e396-4ccf-bf56-508276824c6c";
				PROVISIONING_PROFILE_SPECIFIER = SanJiangDevelopment;
				SWIFT_ACTIVE_COMPILATION_CONDITIONS = DEBUG;
				SWIFT_OPTIMIZATION_LEVEL = "-Onone";
				SWIFT_VERSION = 4.0;
				TARGETED_DEVICE_FAMILY = "1,2";
			};
			name = Debug;
		};
		A6A0A92320410F2C003DB0A0 /* Release */ = {
			isa = XCBuildConfiguration;
			baseConfigurationReference = DAB5A6048AC4F05C43F589A5 /* Pods-SwiftVersion.release.xcconfig */;
			buildSettings = {
				ASSETCATALOG_COMPILER_APPICON_NAME = AppIcon;
				CLANG_CXX_LANGUAGE_STANDARD = "gnu++14";
				CLANG_WARN_UNGUARDED_AVAILABILITY = YES_AGGRESSIVE;
				CODE_SIGN_IDENTITY = "iPhone Developer";
				CODE_SIGN_STYLE = Manual;
				DEVELOPMENT_TEAM = "";
				GCC_C_LANGUAGE_STANDARD = gnu11;
				INFOPLIST_FILE = SwiftVersion/Info.plist;
				IPHONEOS_DEPLOYMENT_TARGET = 9.0;
				LD_RUNPATH_SEARCH_PATHS = "$(inherited) @executable_path/Frameworks";
				PRODUCT_BUNDLE_IDENTIFIER = com.SanJiang.SwiftVersion;
				PRODUCT_NAME = "$(TARGET_NAME)";
				PROVISIONING_PROFILE_SPECIFIER = "";
				SWIFT_OPTIMIZATION_LEVEL = "-Owholemodule";
				SWIFT_VERSION = 4.0;
				TARGETED_DEVICE_FAMILY = "1,2";
			};
			name = Release;
		};
		A6A0A92420410F2C003DB0A0 /* Debug */ = {
			isa = XCBuildConfiguration;
			buildSettings = {
				ALWAYS_EMBED_SWIFT_STANDARD_LIBRARIES = YES;
				BUNDLE_LOADER = "$(TEST_HOST)";
				CLANG_CXX_LANGUAGE_STANDARD = "gnu++14";
				CLANG_WARN_UNGUARDED_AVAILABILITY = YES_AGGRESSIVE;
				CODE_SIGN_IDENTITY = "iPhone Developer";
				CODE_SIGN_STYLE = Automatic;
				GCC_C_LANGUAGE_STANDARD = gnu11;
				INFOPLIST_FILE = SwiftVersionTests/Info.plist;
				IPHONEOS_DEPLOYMENT_TARGET = 11.2;
				LD_RUNPATH_SEARCH_PATHS = "$(inherited) @executable_path/Frameworks @loader_path/Frameworks";
				PRODUCT_BUNDLE_IDENTIFIER = com.SanJiang.SwiftVersionTests;
				PRODUCT_NAME = "$(TARGET_NAME)";
				SWIFT_ACTIVE_COMPILATION_CONDITIONS = DEBUG;
				SWIFT_OPTIMIZATION_LEVEL = "-Onone";
				SWIFT_VERSION = 4.0;
				TARGETED_DEVICE_FAMILY = "1,2";
				TEST_HOST = "$(BUILT_PRODUCTS_DIR)/SwiftVersion.app/SwiftVersion";
			};
			name = Debug;
		};
		A6A0A92520410F2C003DB0A0 /* Release */ = {
			isa = XCBuildConfiguration;
			buildSettings = {
				ALWAYS_EMBED_SWIFT_STANDARD_LIBRARIES = YES;
				BUNDLE_LOADER = "$(TEST_HOST)";
				CLANG_CXX_LANGUAGE_STANDARD = "gnu++14";
				CLANG_WARN_UNGUARDED_AVAILABILITY = YES_AGGRESSIVE;
				CODE_SIGN_IDENTITY = "iPhone Developer";
				CODE_SIGN_STYLE = Automatic;
				GCC_C_LANGUAGE_STANDARD = gnu11;
				INFOPLIST_FILE = SwiftVersionTests/Info.plist;
				IPHONEOS_DEPLOYMENT_TARGET = 11.2;
				LD_RUNPATH_SEARCH_PATHS = "$(inherited) @executable_path/Frameworks @loader_path/Frameworks";
				PRODUCT_BUNDLE_IDENTIFIER = com.SanJiang.SwiftVersionTests;
				PRODUCT_NAME = "$(TARGET_NAME)";
				SWIFT_OPTIMIZATION_LEVEL = "-Owholemodule";
				SWIFT_VERSION = 4.0;
				TARGETED_DEVICE_FAMILY = "1,2";
				TEST_HOST = "$(BUILT_PRODUCTS_DIR)/SwiftVersion.app/SwiftVersion";
			};
			name = Release;
		};
		A6A0A92620410F2C003DB0A0 /* Debug */ = {
			isa = XCBuildConfiguration;
			buildSettings = {
				ALWAYS_EMBED_SWIFT_STANDARD_LIBRARIES = YES;
				CLANG_CXX_LANGUAGE_STANDARD = "gnu++14";
				CLANG_WARN_UNGUARDED_AVAILABILITY = YES_AGGRESSIVE;
				CODE_SIGN_IDENTITY = "iPhone Developer";
				CODE_SIGN_STYLE = Automatic;
				GCC_C_LANGUAGE_STANDARD = gnu11;
				INFOPLIST_FILE = SwiftVersionUITests/Info.plist;
				IPHONEOS_DEPLOYMENT_TARGET = 11.2;
				LD_RUNPATH_SEARCH_PATHS = "$(inherited) @executable_path/Frameworks @loader_path/Frameworks";
				PRODUCT_BUNDLE_IDENTIFIER = com.SanJiang.SwiftVersionUITests;
				PRODUCT_NAME = "$(TARGET_NAME)";
				SWIFT_ACTIVE_COMPILATION_CONDITIONS = DEBUG;
				SWIFT_OPTIMIZATION_LEVEL = "-Onone";
				SWIFT_VERSION = 4.0;
				TARGETED_DEVICE_FAMILY = "1,2";
				TEST_TARGET_NAME = SwiftVersion;
			};
			name = Debug;
		};
		A6A0A92720410F2C003DB0A0 /* Release */ = {
			isa = XCBuildConfiguration;
			buildSettings = {
				ALWAYS_EMBED_SWIFT_STANDARD_LIBRARIES = YES;
				CLANG_CXX_LANGUAGE_STANDARD = "gnu++14";
				CLANG_WARN_UNGUARDED_AVAILABILITY = YES_AGGRESSIVE;
				CODE_SIGN_IDENTITY = "iPhone Developer";
				CODE_SIGN_STYLE = Automatic;
				GCC_C_LANGUAGE_STANDARD = gnu11;
				INFOPLIST_FILE = SwiftVersionUITests/Info.plist;
				IPHONEOS_DEPLOYMENT_TARGET = 11.2;
				LD_RUNPATH_SEARCH_PATHS = "$(inherited) @executable_path/Frameworks @loader_path/Frameworks";
				PRODUCT_BUNDLE_IDENTIFIER = com.SanJiang.SwiftVersionUITests;
				PRODUCT_NAME = "$(TARGET_NAME)";
				SWIFT_OPTIMIZATION_LEVEL = "-Owholemodule";
				SWIFT_VERSION = 4.0;
				TARGETED_DEVICE_FAMILY = "1,2";
				TEST_TARGET_NAME = SwiftVersion;
			};
			name = Release;
		};
/* End XCBuildConfiguration section */

/* Begin XCConfigurationList section */
		77D9B75E1F7E941A00E35746 /* Build configuration list for PBXProject "SJBackGRProject" */ = {
			isa = XCConfigurationList;
			buildConfigurations = (
				77D9B7781F7E941A00E35746 /* Debug */,
				77D9B7791F7E941A00E35746 /* Release */,
			);
			defaultConfigurationIsVisible = 0;
			defaultConfigurationName = Release;
		};
		77D9B77A1F7E941A00E35746 /* Build configuration list for PBXNativeTarget "SJBackGRProject" */ = {
			isa = XCConfigurationList;
			buildConfigurations = (
				77D9B77B1F7E941A00E35746 /* Debug */,
				77D9B77C1F7E941A00E35746 /* Release */,
			);
			defaultConfigurationIsVisible = 0;
			defaultConfigurationName = Release;
		};
		A6A0A92820410F2C003DB0A0 /* Build configuration list for PBXNativeTarget "SwiftVersion" */ = {
			isa = XCConfigurationList;
			buildConfigurations = (
				A6A0A92220410F2C003DB0A0 /* Debug */,
				A6A0A92320410F2C003DB0A0 /* Release */,
			);
			defaultConfigurationIsVisible = 0;
			defaultConfigurationName = Release;
		};
		A6A0A92920410F2C003DB0A0 /* Build configuration list for PBXNativeTarget "SwiftVersionTests" */ = {
			isa = XCConfigurationList;
			buildConfigurations = (
				A6A0A92420410F2C003DB0A0 /* Debug */,
				A6A0A92520410F2C003DB0A0 /* Release */,
			);
			defaultConfigurationIsVisible = 0;
			defaultConfigurationName = Release;
		};
		A6A0A92A20410F2C003DB0A0 /* Build configuration list for PBXNativeTarget "SwiftVersionUITests" */ = {
			isa = XCConfigurationList;
			buildConfigurations = (
				A6A0A92620410F2C003DB0A0 /* Debug */,
				A6A0A92720410F2C003DB0A0 /* Release */,
			);
			defaultConfigurationIsVisible = 0;
			defaultConfigurationName = Release;
		};
/* End XCConfigurationList section */
	};
	rootObject = 77D9B75B1F7E941A00E35746 /* Project object */;
}
